# THIS IS AN AUTOGENERATED FILE. DO NOT EDIT THIS FILE DIRECTLY.
# yarn lockfile v1


"@aws-cdk/assert@1.46.0":
  version "1.46.0"
  resolved "https://registry.yarnpkg.com/@aws-cdk/assert/-/assert-1.46.0.tgz#37376ccd94fe0f397797da8b87ce21b566602d10"
  integrity sha512-AfOy8P1RBj2eV8cHPYMa2gS0Esnk35eddTnOrhmNkgHLTAo+sgg4+CAdAsdeZ1VzLcwGH+Vb0tJ/6TSAweTRzg==
  dependencies:
    "@aws-cdk/cloud-assembly-schema" "1.46.0"
    "@aws-cdk/cloudformation-diff" "1.46.0"
    "@aws-cdk/core" "1.46.0"
    "@aws-cdk/cx-api" "1.46.0"
    constructs "^3.0.2"

"@aws-cdk/assets@1.46.0":
  version "1.46.0"
  resolved "https://registry.yarnpkg.com/@aws-cdk/assets/-/assets-1.46.0.tgz#4ed7fe1487e02111e8db62e68eed8ca061cc8152"
  integrity sha512-VMsPhDv3VceObgqiERKIsJL/B9R0R067KhsZZVdESxbox/lgehkDSkXJdjZI3eRoBKFv84kI4btz309m9xOFCw==
  dependencies:
    "@aws-cdk/core" "1.46.0"
    "@aws-cdk/cx-api" "1.46.0"
    constructs "^3.0.2"

"@aws-cdk/aws-apigateway@^1.46.0":
  version "1.46.0"
  resolved "https://registry.yarnpkg.com/@aws-cdk/aws-apigateway/-/aws-apigateway-1.46.0.tgz#f4839b9911bcd95bcd5063a9a961de0d58e17cd8"
  integrity sha512-ih2DnNJKRdHb5D+s+XHF1fCjEoMTrasT1Ki+nmH9EXkF957iwIjQo8skPgzlEm8+Ljo7Cj9d1hx7gMTk+3Kt1w==
  dependencies:
    "@aws-cdk/assets" "1.46.0"
    "@aws-cdk/aws-certificatemanager" "1.46.0"
    "@aws-cdk/aws-ec2" "1.46.0"
    "@aws-cdk/aws-elasticloadbalancingv2" "1.46.0"
    "@aws-cdk/aws-iam" "1.46.0"
    "@aws-cdk/aws-lambda" "1.46.0"
    "@aws-cdk/aws-logs" "1.46.0"
    "@aws-cdk/aws-s3" "1.46.0"
    "@aws-cdk/aws-s3-assets" "1.46.0"
    "@aws-cdk/core" "1.46.0"
    "@aws-cdk/cx-api" "1.46.0"
    constructs "^3.0.2"

"@aws-cdk/aws-applicationautoscaling@1.46.0":
  version "1.46.0"
  resolved "https://registry.yarnpkg.com/@aws-cdk/aws-applicationautoscaling/-/aws-applicationautoscaling-1.46.0.tgz#7d9113bec6ffebf0c62744166d8b0fcd01395978"
  integrity sha512-VyHs8+gxrTkM3yj9XhA4PeXesucEvPEgY40sgRlq0fzxVEbfkqHfXDIyTvmR2loc3cbnioVvdds0CbrazJ1u8A==
  dependencies:
    "@aws-cdk/aws-autoscaling-common" "1.46.0"
    "@aws-cdk/aws-cloudwatch" "1.46.0"
    "@aws-cdk/aws-iam" "1.46.0"
    "@aws-cdk/core" "1.46.0"
    constructs "^3.0.2"

"@aws-cdk/aws-autoscaling-common@1.46.0":
  version "1.46.0"
  resolved "https://registry.yarnpkg.com/@aws-cdk/aws-autoscaling-common/-/aws-autoscaling-common-1.46.0.tgz#e09b898d4c4a2811a289fe85cd527ee8cef37741"
  integrity sha512-XQwDvmt/f2KEBblaIGQ/TZH+o5Sg09pYaSz5iouiQf3LEut2Vk9A+VlQeFACNcVWYbHkeIjm2YjdUQkxNYsokQ==
  dependencies:
    "@aws-cdk/aws-iam" "1.46.0"
    "@aws-cdk/core" "1.46.0"
    constructs "^3.0.2"

"@aws-cdk/aws-certificatemanager@1.46.0":
  version "1.46.0"
  resolved "https://registry.yarnpkg.com/@aws-cdk/aws-certificatemanager/-/aws-certificatemanager-1.46.0.tgz#83b02aed305a78a4fbc8b9b516fef1ef424d8fe2"
  integrity sha512-hPPX439EXE0tIThMFArNtgUoEbh0tIg6NMmyw+zm6IKQTKj14EQU3bt0BtDFiNsNmNdoDRmu0knk4dZiDKm2gQ==
  dependencies:
    "@aws-cdk/aws-iam" "1.46.0"
    "@aws-cdk/aws-lambda" "1.46.0"
    "@aws-cdk/aws-route53" "1.46.0"
    "@aws-cdk/core" "1.46.0"
    constructs "^3.0.2"

"@aws-cdk/aws-cloudformation@1.46.0":
  version "1.46.0"
  resolved "https://registry.yarnpkg.com/@aws-cdk/aws-cloudformation/-/aws-cloudformation-1.46.0.tgz#f97116b9f4e4e51e51c8183098b04fd39485d553"
  integrity sha512-1tZiUUdRUiZck8oGJQfgqzNBA2pkLhscnltExtOgM+AQP79FuDDe8V6Iy8inyVwXWxSenKM9GR0FF87RJNjiAQ==
  dependencies:
    "@aws-cdk/aws-iam" "1.46.0"
    "@aws-cdk/aws-lambda" "1.46.0"
    "@aws-cdk/aws-s3" "1.46.0"
    "@aws-cdk/aws-sns" "1.46.0"
    "@aws-cdk/core" "1.46.0"
    "@aws-cdk/cx-api" "1.46.0"
    constructs "^3.0.2"

"@aws-cdk/aws-cloudfront@1.46.0":
  version "1.46.0"
  resolved "https://registry.yarnpkg.com/@aws-cdk/aws-cloudfront/-/aws-cloudfront-1.46.0.tgz#3a18235ae74af0750eaed683230678ff1190ce0d"
  integrity sha512-AzPq2WPQ81vDCko5+1fgkQF0spk+KZtvVLKERG6zvBSOJ78VymCyLC0O+S4hEA8OdWTZTjkzYBRn0u0BhwMDow==
  dependencies:
    "@aws-cdk/aws-certificatemanager" "1.46.0"
    "@aws-cdk/aws-iam" "1.46.0"
    "@aws-cdk/aws-kms" "1.46.0"
    "@aws-cdk/aws-lambda" "1.46.0"
    "@aws-cdk/aws-s3" "1.46.0"
    "@aws-cdk/core" "1.46.0"
    constructs "^3.0.2"

"@aws-cdk/aws-cloudwatch@1.46.0":
  version "1.46.0"
  resolved "https://registry.yarnpkg.com/@aws-cdk/aws-cloudwatch/-/aws-cloudwatch-1.46.0.tgz#9054d9b9904c485ab82667ad17f673d17f1a047c"
  integrity sha512-rIv2NZhkGEmrqzWegBqedaHN/07s9XUaOuRvqG6VoK3Dv1VeL+MpAL7zArWb3KueyAQuPQmdeGXSUENwZ/q9SA==
  dependencies:
    "@aws-cdk/aws-iam" "1.46.0"
    "@aws-cdk/core" "1.46.0"
    constructs "^3.0.2"

"@aws-cdk/aws-dynamodb@^1.46.0":
  version "1.46.0"
  resolved "https://registry.yarnpkg.com/@aws-cdk/aws-dynamodb/-/aws-dynamodb-1.46.0.tgz#91c19678b19b67a1fd3a98b77080567ec0e8e992"
  integrity sha512-jFGANrAHrMMKqYn63DEX4acAz7194yYgiCKkBG8YtXUkvzo/ioSC1wMTRs5W9jEj1vrLz09o6U0hs1a1Snm9Rw==
  dependencies:
    "@aws-cdk/aws-applicationautoscaling" "1.46.0"
    "@aws-cdk/aws-cloudwatch" "1.46.0"
    "@aws-cdk/aws-iam" "1.46.0"
    "@aws-cdk/aws-kms" "1.46.0"
    "@aws-cdk/aws-lambda" "1.46.0"
    "@aws-cdk/core" "1.46.0"
    "@aws-cdk/custom-resources" "1.46.0"
    constructs "^3.0.2"

"@aws-cdk/aws-ec2@1.46.0":
  version "1.46.0"
  resolved "https://registry.yarnpkg.com/@aws-cdk/aws-ec2/-/aws-ec2-1.46.0.tgz#1ff67f6cb7c7a375e7706592e39d9c0dec29a5c4"
  integrity sha512-P44KtG/0b5CfC4aDIQMCq356wnuVaLxZ4DR2a1jrQdDaErL7oLslysL3gzQcsfxgpMNM7IzH5pDOp95N9X66dA==
  dependencies:
    "@aws-cdk/aws-cloudwatch" "1.46.0"
    "@aws-cdk/aws-iam" "1.46.0"
    "@aws-cdk/aws-logs" "1.46.0"
    "@aws-cdk/aws-s3" "1.46.0"
    "@aws-cdk/aws-ssm" "1.46.0"
    "@aws-cdk/cloud-assembly-schema" "1.46.0"
    "@aws-cdk/core" "1.46.0"
    "@aws-cdk/cx-api" "1.46.0"
    "@aws-cdk/region-info" "1.46.0"
    constructs "^3.0.2"

"@aws-cdk/aws-elasticloadbalancingv2@1.46.0":
  version "1.46.0"
  resolved "https://registry.yarnpkg.com/@aws-cdk/aws-elasticloadbalancingv2/-/aws-elasticloadbalancingv2-1.46.0.tgz#e17cefcb2b3fcda5c56c6a152956acb6ec2b764d"
  integrity sha512-bHS1h12E5NFf1cBbKGgKKXLg2OM8M9NZKyYukFeGfWZOuGwtEsVOKmQTWIy20mLI4UDnl0whR7ZEW+gMRI1/dA==
  dependencies:
    "@aws-cdk/aws-certificatemanager" "1.46.0"
    "@aws-cdk/aws-cloudwatch" "1.46.0"
    "@aws-cdk/aws-ec2" "1.46.0"
    "@aws-cdk/aws-iam" "1.46.0"
    "@aws-cdk/aws-lambda" "1.46.0"
    "@aws-cdk/aws-s3" "1.46.0"
    "@aws-cdk/core" "1.46.0"
    constructs "^3.0.2"

"@aws-cdk/aws-events@1.46.0":
  version "1.46.0"
  resolved "https://registry.yarnpkg.com/@aws-cdk/aws-events/-/aws-events-1.46.0.tgz#5d409cddf261328f0276e0d72259a048e6582525"
  integrity sha512-aRwPiTGMT/wiBgYZa9MADull16Xwqt2UkBzDN55qPNwgbA5ZFxFivQJSyAxs4MoA/vD/JSx1sPVPCutpukkGjA==
  dependencies:
    "@aws-cdk/aws-iam" "1.46.0"
    "@aws-cdk/core" "1.46.0"
    constructs "^3.0.2"

"@aws-cdk/aws-iam@1.46.0":
  version "1.46.0"
  resolved "https://registry.yarnpkg.com/@aws-cdk/aws-iam/-/aws-iam-1.46.0.tgz#a1ce3c64b3619d49d6c91d72db1e7151d97ef349"
  integrity sha512-D400DpnQ8u+Iz2SauL/16P13g4GT1A38rPtbs4S7I5Y9ZVlHkCf0fbwBwKrZt+Tn/GtHj4oqkchWBd9fd9TAPA==
  dependencies:
    "@aws-cdk/core" "1.46.0"
    "@aws-cdk/region-info" "1.46.0"
    constructs "^3.0.2"

"@aws-cdk/aws-kms@1.46.0":
  version "1.46.0"
  resolved "https://registry.yarnpkg.com/@aws-cdk/aws-kms/-/aws-kms-1.46.0.tgz#d583f0178f14f8b316c5bac8d4e5ab04f07ed0f8"
  integrity sha512-+lTJ7YsFh4gy6xLb/WvG07gIERPJP1FEODkqHl0NaZ5fxTNFgCV7Y883jsmaof+Hpj4jJRfFv1D9HHwvs9DZIQ==
  dependencies:
    "@aws-cdk/aws-iam" "1.46.0"
    "@aws-cdk/core" "1.46.0"
    constructs "^3.0.2"

"@aws-cdk/aws-lambda@1.46.0", "@aws-cdk/aws-lambda@^1.46.0":
  version "1.46.0"
  resolved "https://registry.yarnpkg.com/@aws-cdk/aws-lambda/-/aws-lambda-1.46.0.tgz#2b3b0b3aa41e646b663be2c5955b5b0e10a22b4f"
  integrity sha512-REgRPPbJt/UD7n2fRbpJHK17fMDA0PED+gCvlctEw2chIUsJx601FDHG74vVKtm0R7UEM2svADzNm2Tv5YnVTw==
  dependencies:
    "@aws-cdk/aws-cloudwatch" "1.46.0"
    "@aws-cdk/aws-ec2" "1.46.0"
    "@aws-cdk/aws-events" "1.46.0"
    "@aws-cdk/aws-iam" "1.46.0"
    "@aws-cdk/aws-logs" "1.46.0"
    "@aws-cdk/aws-s3" "1.46.0"
    "@aws-cdk/aws-s3-assets" "1.46.0"
    "@aws-cdk/aws-sqs" "1.46.0"
    "@aws-cdk/core" "1.46.0"
    "@aws-cdk/cx-api" "1.46.0"
    constructs "^3.0.2"

"@aws-cdk/aws-logs@1.46.0":
  version "1.46.0"
  resolved "https://registry.yarnpkg.com/@aws-cdk/aws-logs/-/aws-logs-1.46.0.tgz#d132c8938b4389605285ccd8e1ba0633e4c0423d"
  integrity sha512-JcP7AJXQfC+uoEJhyZ1Y6uh1sIF9swN1q/NG4bNij3jaU7tlbZj7iHgy+k2XwH+1aNA96CeRyKCD6NSgo6w/kQ==
  dependencies:
    "@aws-cdk/aws-cloudwatch" "1.46.0"
    "@aws-cdk/aws-iam" "1.46.0"
    "@aws-cdk/core" "1.46.0"
    constructs "^3.0.2"

"@aws-cdk/aws-route53@1.46.0":
  version "1.46.0"
  resolved "https://registry.yarnpkg.com/@aws-cdk/aws-route53/-/aws-route53-1.46.0.tgz#0d43441888e95878bc5c2d272c88c11e9aa9c648"
  integrity sha512-YYc7sxCCf0V7Ma478dHJk2+0DmOJa9wgURdKku4cMm3G4qQmRZ2GG+z6Hsf8DBLa6wg73fHxarQGTFqBSAmnHg==
  dependencies:
    "@aws-cdk/aws-ec2" "1.46.0"
    "@aws-cdk/aws-logs" "1.46.0"
    "@aws-cdk/cloud-assembly-schema" "1.46.0"
    "@aws-cdk/core" "1.46.0"
    constructs "^3.0.2"

"@aws-cdk/aws-s3-assets@1.46.0":
  version "1.46.0"
  resolved "https://registry.yarnpkg.com/@aws-cdk/aws-s3-assets/-/aws-s3-assets-1.46.0.tgz#89e9c307dc1a4f1424c49fd65136a96cd7755e9e"
  integrity sha512-JdQkwBSgEJNmSQlBphsQ3AgflpbXnTibGcf6xFGXa/0+Qgc12GUA6KX3qdcd29CQhej3tYprK6Bne3Y2jjZT3g==
  dependencies:
    "@aws-cdk/assets" "1.46.0"
    "@aws-cdk/aws-iam" "1.46.0"
    "@aws-cdk/aws-kms" "1.46.0"
    "@aws-cdk/aws-s3" "1.46.0"
    "@aws-cdk/core" "1.46.0"
    "@aws-cdk/cx-api" "1.46.0"
    constructs "^3.0.2"

"@aws-cdk/aws-s3-deployment@^1.46.0":
  version "1.46.0"
  resolved "https://registry.yarnpkg.com/@aws-cdk/aws-s3-deployment/-/aws-s3-deployment-1.46.0.tgz#9a18557f74cb38175fdddd637da04aaf3e6395ee"
  integrity sha512-WIpDSFheiiuE6fILuGh6YiQSM4OsZxudZhRhxdwNVuHgYnFIHBlmqpm/Lk0+1Q6/17IQgstMsskbRbWvUYRTeg==
  dependencies:
    "@aws-cdk/aws-cloudfront" "1.46.0"
    "@aws-cdk/aws-iam" "1.46.0"
    "@aws-cdk/aws-lambda" "1.46.0"
    "@aws-cdk/aws-s3" "1.46.0"
    "@aws-cdk/aws-s3-assets" "1.46.0"
    "@aws-cdk/core" "1.46.0"
    constructs "^3.0.2"

"@aws-cdk/aws-s3-notifications@^1.46.0":
  version "1.46.0"
  resolved "https://registry.yarnpkg.com/@aws-cdk/aws-s3-notifications/-/aws-s3-notifications-1.46.0.tgz#766f90a0c3bb835d414baa00b39fa0a3f3297ff2"
  integrity sha512-SgwA1IOEaqMyfz/ijutqUZLPzDo+HggN+xVuRFxO9fgMiZYCJ92HYudVDYoxX7ce2bQuL5fWndCd915j04k4GQ==
  dependencies:
    "@aws-cdk/aws-iam" "1.46.0"
    "@aws-cdk/aws-lambda" "1.46.0"
    "@aws-cdk/aws-s3" "1.46.0"
    "@aws-cdk/aws-sns" "1.46.0"
    "@aws-cdk/aws-sqs" "1.46.0"
    "@aws-cdk/core" "1.46.0"
    constructs "^3.0.2"

"@aws-cdk/aws-s3@1.46.0", "@aws-cdk/aws-s3@^1.46.0":
  version "1.46.0"
  resolved "https://registry.yarnpkg.com/@aws-cdk/aws-s3/-/aws-s3-1.46.0.tgz#e45a8aae507f1e25cdfbf3ad9326d80678d9bf03"
  integrity sha512-v9R6AK/SQHqwMwiXvou2Ww5RrqUghlCJyW4cmn2rrbwbgYRMbMLgYGcrYb3OSxenjYP68cPtw+UB+/zjsVjHMg==
  dependencies:
    "@aws-cdk/aws-events" "1.46.0"
    "@aws-cdk/aws-iam" "1.46.0"
    "@aws-cdk/aws-kms" "1.46.0"
    "@aws-cdk/core" "1.46.0"
    constructs "^3.0.2"

"@aws-cdk/aws-sns-subscriptions@1.46.0":
  version "1.46.0"
  resolved "https://registry.yarnpkg.com/@aws-cdk/aws-sns-subscriptions/-/aws-sns-subscriptions-1.46.0.tgz#6813766f63e467b423ecd96eb6353f48dcc2d12f"
  integrity sha512-QzkgFYQ82Lpt7XK1iX4CcygRvttRB0xC2phmTrs7LazZ5veb4KmUlngU8x8gEJ1dD1Evi5R6WmTN6UAac9Et1w==
  dependencies:
    "@aws-cdk/aws-iam" "1.46.0"
    "@aws-cdk/aws-lambda" "1.46.0"
    "@aws-cdk/aws-sns" "1.46.0"
    "@aws-cdk/aws-sqs" "1.46.0"
    "@aws-cdk/core" "1.46.0"
    constructs "^3.0.2"

"@aws-cdk/aws-sns@1.46.0":
  version "1.46.0"
  resolved "https://registry.yarnpkg.com/@aws-cdk/aws-sns/-/aws-sns-1.46.0.tgz#1985275069f223b01c7c649333eb453fa2dde57c"
  integrity sha512-9rhuWQFaaMLzVGC9RkpKv6dw1qY+ARNeHyqBZUDCzO9jvo/eO5LzPOhkQPIiZi/vL1T2JEBvo26ySj/u520pbA==
  dependencies:
    "@aws-cdk/aws-cloudwatch" "1.46.0"
    "@aws-cdk/aws-events" "1.46.0"
    "@aws-cdk/aws-iam" "1.46.0"
    "@aws-cdk/aws-kms" "1.46.0"
    "@aws-cdk/aws-sqs" "1.46.0"
    "@aws-cdk/core" "1.46.0"
    constructs "^3.0.2"

"@aws-cdk/aws-sqs@1.46.0":
  version "1.46.0"
  resolved "https://registry.yarnpkg.com/@aws-cdk/aws-sqs/-/aws-sqs-1.46.0.tgz#05d05371a6d2ca4706c7ce009b66573abe659ed9"
  integrity sha512-HG7rClnwzJJYbNVzpO4JL7F4V/iM/0DTmL+q4QwzsWFIV9CPPMMC3FsoPCz4H4+Lj2/bXeU+7kcI9qJzvqmejg==
  dependencies:
    "@aws-cdk/aws-cloudwatch" "1.46.0"
    "@aws-cdk/aws-iam" "1.46.0"
    "@aws-cdk/aws-kms" "1.46.0"
    "@aws-cdk/core" "1.46.0"
    constructs "^3.0.2"

"@aws-cdk/aws-ssm@1.46.0":
  version "1.46.0"
  resolved "https://registry.yarnpkg.com/@aws-cdk/aws-ssm/-/aws-ssm-1.46.0.tgz#f95fe3529938ad5016b7e3f3af1c6edefc110198"
  integrity sha512-Y2pNW7wA6+916kdNXG1kgJvDiBG2nzHKyVZUTort3p8P51GeoKVx+sKmD7Unp3JW64tYQUAfKs+XP0PWV4ZwCA==
  dependencies:
    "@aws-cdk/aws-iam" "1.46.0"
    "@aws-cdk/aws-kms" "1.46.0"
    "@aws-cdk/cloud-assembly-schema" "1.46.0"
    "@aws-cdk/core" "1.46.0"
    constructs "^3.0.2"

"@aws-cdk/cdk-assets-schema@1.46.0":
  version "1.46.0"
  resolved "https://registry.yarnpkg.com/@aws-cdk/cdk-assets-schema/-/cdk-assets-schema-1.46.0.tgz#5b208ee62b93b46e23cdf12a4f91beaa80162822"
  integrity sha512-5YM/WHdfiiXkyN+oqPWIcrU7nQUzEVRmViiN+SGy/NZ6Tj9r30N9YygYMZO8z9sM7r20dOTl+pY9SYrclIeNUQ==
  dependencies:
    semver "^7.2.2"

"@aws-cdk/cfnspec@1.46.0":
  version "1.46.0"
  resolved "https://registry.yarnpkg.com/@aws-cdk/cfnspec/-/cfnspec-1.46.0.tgz#95eec5df3e0b48244ef9352b89cdfdb7f4023868"
  integrity sha512-oc+k7viT1wukeeH+WIbMRn/QXmS/iDGW5lkn0SIVaOKAZDmErlXGMbeenxSgdAvUysUw8gy30VYXQ5LI3JgenQ==
  dependencies:
    md5 "^2.2.1"

"@aws-cdk/cloud-assembly-schema@1.46.0":
  version "1.46.0"
  resolved "https://registry.yarnpkg.com/@aws-cdk/cloud-assembly-schema/-/cloud-assembly-schema-1.46.0.tgz#c54604b0a650422c2a3859f9c3faacd7285eb733"
  integrity sha512-ji92c9RCMoY426vH1RbLstUOiUYqM84qa4Ww9Nsbn6Aw3qIS1Gz603dNgcIl+rK78SOq6WqlgykSyFAFykqVgA==
  dependencies:
    jsonschema "^1.2.5"
    semver "^7.2.2"

"@aws-cdk/cloudformation-diff@1.46.0":
  version "1.46.0"
  resolved "https://registry.yarnpkg.com/@aws-cdk/cloudformation-diff/-/cloudformation-diff-1.46.0.tgz#8151ac117314cbe6e62ee7b4472a2cd06f61cb3c"
  integrity sha512-kz8OHZd9B9JwhgtSnivExh1lN9K9TgJaByAUqrzeWY9DZmmkHMQKu3hk9KjA4wVN9W5BTPzOuoIdOfZcAp55xw==
  dependencies:
    "@aws-cdk/cfnspec" "1.46.0"
    colors "^1.4.0"
    diff "^4.0.2"
    fast-deep-equal "^3.1.3"
    string-width "^4.2.0"
    table "^5.4.6"

"@aws-cdk/core@1.46.0":
  version "1.46.0"
  resolved "https://registry.yarnpkg.com/@aws-cdk/core/-/core-1.46.0.tgz#cdc5ac54a7aafd6b5f304e203e191968add3c627"
  integrity sha512-PqK0fmt28ExMNXJiAdZU3A0jQeynd3Set+P86Tx9p2t7tI92oArh9lhuBGhoZ0sTjTUD0/ZqX4dYnH7JcFYUAg==
  dependencies:
    "@aws-cdk/cdk-assets-schema" "1.46.0"
    "@aws-cdk/cloud-assembly-schema" "1.46.0"
    "@aws-cdk/cx-api" "1.46.0"
    constructs "^3.0.2"
    fs-extra "^9.0.1"
    minimatch "^3.0.4"

"@aws-cdk/custom-resources@1.46.0":
  version "1.46.0"
  resolved "https://registry.yarnpkg.com/@aws-cdk/custom-resources/-/custom-resources-1.46.0.tgz#910c469d6474018b0dbc44f909580be9530352ae"
  integrity sha512-NJUTvY5o9pBiRSV8Sj1UTmhHCvHGUFjnAbwNl4cZLFqYWF4KYyxEmmQjPMmCIgn2FWySnMEVhVN9FmrvEznaQQ==
  dependencies:
    "@aws-cdk/aws-cloudformation" "1.46.0"
    "@aws-cdk/aws-iam" "1.46.0"
    "@aws-cdk/aws-lambda" "1.46.0"
    "@aws-cdk/aws-logs" "1.46.0"
    "@aws-cdk/aws-sns" "1.46.0"
    "@aws-cdk/core" "1.46.0"
    constructs "^3.0.2"

"@aws-cdk/cx-api@1.46.0":
  version "1.46.0"
  resolved "https://registry.yarnpkg.com/@aws-cdk/cx-api/-/cx-api-1.46.0.tgz#f237f8682a7a9a5588255417e43ecde75641fecd"
  integrity sha512-3U4wbywHlYLqWllCNOVGqxDee3N5PxaQHkjpC3v0vhI+LPwcJEW1Vz11k3PMG6FaPcrLrfkAn1y7HSFsPXh8Qg==
  dependencies:
    "@aws-cdk/cloud-assembly-schema" "1.46.0"
    semver "^7.2.2"

"@aws-cdk/region-info@1.46.0":
  version "1.46.0"
  resolved "https://registry.yarnpkg.com/@aws-cdk/region-info/-/region-info-1.46.0.tgz#853ef0483894fa9f1a3eeb46364de1b67280257b"
  integrity sha512-EJYZCi2WVUnjPPlxJko66Vzc3LbAFA4dkdC9TDV+IxuBqGVts/7oHJf/Ca9RVglkbOkov7p78OTBWmONqncDEg==

"@jest/types@^26.6.2":
  version "26.6.2"
  resolved "https://registry.yarnpkg.com/@jest/types/-/types-26.6.2.tgz#bef5a532030e1d88a2f5a6d933f84e97226ed48e"
  integrity sha512-fC6QCp7Sc5sX6g8Tvbmj4XUTbyrik0akgRy03yjXbQaBWWNWGE7SGtJk98m0N8nzegD/7SggrUlivxo5ax4KWQ==
  dependencies:
    "@types/istanbul-lib-coverage" "^2.0.0"
    "@types/istanbul-reports" "^3.0.0"
    "@types/node" "*"
    "@types/yargs" "^15.0.0"
    chalk "^4.0.0"

"@types/aws-lambda@^8.10.56":
  version "8.10.56"
  resolved "https://registry.yarnpkg.com/@types/aws-lambda/-/aws-lambda-8.10.56.tgz#24fc61bf628db86412bb4f28da051df4baa532d6"
  integrity sha512-jaxu5br/KYxhNBNmr2GoVhIUady2zNsvSRCa4kCHW+GcM4ladPhfEyeJkkNMGo/IlVAfpcPYTsSzhYWZoSgZXA==

"@types/color-name@^1.1.1":
  version "1.1.1"
  resolved "https://registry.yarnpkg.com/@types/color-name/-/color-name-1.1.1.tgz#1c1261bbeaa10a8055bbc5d8ab84b7b2afc846a0"
  integrity sha512-rr+OQyAjxze7GgWrSaJwydHStIhHq2lvY3BOC2Mj7KnzI7XK0Uw1TOOdI9lDoajEbSWLiYgoo4f1R51erQfhPQ==

"@types/istanbul-lib-coverage@*", "@types/istanbul-lib-coverage@^2.0.0":
  version "2.0.4"
  resolved "https://registry.yarnpkg.com/@types/istanbul-lib-coverage/-/istanbul-lib-coverage-2.0.4.tgz#8467d4b3c087805d63580480890791277ce35c44"
  integrity sha512-z/QT1XN4K4KYuslS23k62yDIDLwLFkzxOuMplDtObz0+y7VqJCaO2o+SPwHCvLFZh7xazvvoor2tA/hPz9ee7g==

"@types/istanbul-lib-report@*":
  version "3.0.0"
  resolved "https://registry.yarnpkg.com/@types/istanbul-lib-report/-/istanbul-lib-report-3.0.0.tgz#c14c24f18ea8190c118ee7562b7ff99a36552686"
  integrity sha512-plGgXAPfVKFoYfa9NpYDAkseG+g6Jr294RqeqcqDixSbU34MZVJRi/P+7Y8GDpzkEwLaGZZOpKIEmeVZNtKsrg==
  dependencies:
    "@types/istanbul-lib-coverage" "*"

"@types/istanbul-reports@^3.0.0":
  version "3.0.1"
  resolved "https://registry.yarnpkg.com/@types/istanbul-reports/-/istanbul-reports-3.0.1.tgz#9153fe98bba2bd565a63add9436d6f0d7f8468ff"
  integrity sha512-c3mAZEuK0lvBp8tmuL74XRKn1+y2dcwOUpH7x4WrF6gk1GIgiluDRgMYQtw2OFcBvAJWlt6ASU3tSqxp0Uu0Aw==
  dependencies:
    "@types/istanbul-lib-report" "*"

"@types/jest@^26.0.0":
  version "26.0.24"
  resolved "https://registry.yarnpkg.com/@types/jest/-/jest-26.0.24.tgz#943d11976b16739185913a1936e0de0c4a7d595a"
  integrity sha512-E/X5Vib8BWqZNRlDxj9vYXhsDwPYbPINqKF9BsnSoon4RQ0D9moEuLD8txgyypFLH7J4+Lho9Nr/c8H0Fi+17w==
  dependencies:
    jest-diff "^26.0.0"
    pretty-format "^26.0.0"

"@types/node@*":
  version "18.7.22"
  resolved "https://registry.yarnpkg.com/@types/node/-/node-18.7.22.tgz#76f7401362ad63d9d7eefa7dcdfa5fcd9baddff3"
  integrity sha512-TsmoXYd4zrkkKjJB0URF/mTIKPl+kVcbqClB2F/ykU7vil1BfWZVndOnpEIozPv4fURD28gyPFeIkW2G+KXOvw==

"@types/node@10.17.5":
  version "10.17.5"
  resolved "https://registry.yarnpkg.com/@types/node/-/node-10.17.5.tgz#c1920150f7b90708a7d0f3add12a06bc9123c055"
  integrity sha512-RElZIr/7JreF1eY6oD5RF3kpmdcreuQPjg5ri4oQ5g9sq7YWU8HkfB3eH8GwAwxf5OaCh0VPi7r4N/yoTGelrA==

"@types/yargs-parser@*":
  version "21.0.0"
  resolved "https://registry.yarnpkg.com/@types/yargs-parser/-/yargs-parser-21.0.0.tgz#0c60e537fa790f5f9472ed2776c2b71ec117351b"
  integrity sha512-iO9ZQHkZxHn4mSakYV0vFHAVDyEOIJQrV2uZ06HxEPcx+mt8swXoZHIbaaJ2crJYFfErySgktuTZ3BeLz+XmFA==

"@types/yargs@^15.0.0":
  version "15.0.14"
  resolved "https://registry.yarnpkg.com/@types/yargs/-/yargs-15.0.14.tgz#26d821ddb89e70492160b66d10a0eb6df8f6fb06"
  integrity sha512-yEJzHoxf6SyQGhBhIYGXQDSCkJjB6HohDShto7m8vaKg9Yp0Yn8+71J9eakh2bnPg6BfsH9PRMhiRTZnd4eXGQ==
  dependencies:
    "@types/yargs-parser" "*"

ajv@^6.10.2:
  version "6.12.2"
  resolved "https://registry.yarnpkg.com/ajv/-/ajv-6.12.2.tgz#c629c5eced17baf314437918d2da88c99d5958cd"
  integrity sha512-k+V+hzjm5q/Mr8ef/1Y9goCmlsK4I6Sm74teeyGvFk1XrOsbsKLjEdrvny42CZ+a8sXbk8KWpY/bDwS+FLL2UQ==
  dependencies:
    fast-deep-equal "^3.1.1"
    fast-json-stable-stringify "^2.0.0"
    json-schema-traverse "^0.4.1"
    uri-js "^4.2.2"

ansi-regex@^4.1.0:
  version "4.1.0"
  resolved "https://registry.yarnpkg.com/ansi-regex/-/ansi-regex-4.1.0.tgz#8b9f8f08cf1acb843756a839ca8c7e3168c51997"
  integrity sha512-1apePfXM1UOSqw0o9IiFAovVz9M5S1Dg+4TrDwfMewQ6p/rmMueb7tWZjQ1rx4Loy1ArBggoqGpfqqdI4rondg==

ansi-regex@^5.0.0:
  version "5.0.0"
  resolved "https://registry.yarnpkg.com/ansi-regex/-/ansi-regex-5.0.0.tgz#388539f55179bf39339c81af30a654d69f87cb75"
  integrity sha512-bY6fj56OUQ0hU1KjFNDQuJFezqKdrAyFdIevADiqrWHwSlbmBNMHp5ak2f40Pm8JTFyM2mqxkG6ngkHO11f/lg==

ansi-styles@^3.2.0:
  version "3.2.1"
  resolved "https://registry.yarnpkg.com/ansi-styles/-/ansi-styles-3.2.1.tgz#41fbb20243e50b12be0f04b8dedbf07520ce841d"
  integrity sha512-VT0ZI6kZRdTh8YyJw3SMbYm/u+NqfsAxEpWO0Pf9sq8/e94WxxOpPKx9FR1FlyCtOVDNOQ+8ntlqFxiRc+r5qA==
  dependencies:
    color-convert "^1.9.0"

ansi-styles@^4.0.0:
  version "4.2.1"
  resolved "https://registry.yarnpkg.com/ansi-styles/-/ansi-styles-4.2.1.tgz#90ae75c424d008d2624c5bf29ead3177ebfcf359"
  integrity sha512-9VGjrMsG1vePxcSweQsN20KY/c4zN0h9fLjqAbwbPfahM3t+NL+M9HC8xeXG2I8pX5NoamTGNuomEUFI7fcUjA==
  dependencies:
    "@types/color-name" "^1.1.1"
    color-convert "^2.0.1"

ansi-styles@^4.1.0:
  version "4.3.0"
  resolved "https://registry.yarnpkg.com/ansi-styles/-/ansi-styles-4.3.0.tgz#edd803628ae71c04c85ae7a0906edad34b648937"
  integrity sha512-zbB9rCJAT1rbjiVDb2hqKFHNYLxgtk8NURxZ3IZwD3F6NtxbXZQCnnSi1Lkx+IDohdPlFp222wVALIheZJQSEg==
  dependencies:
    color-convert "^2.0.1"

arg@^4.1.0:
  version "4.1.3"
  resolved "https://registry.yarnpkg.com/arg/-/arg-4.1.3.tgz#269fc7ad5b8e42cb63c896d5666017261c144089"
  integrity sha512-58S9QDqG0Xx27YwPSt9fJxivjYl432YCwfDMfZ+71RAqUrZef7LrKQZ3LHLOwCS4FLNBplP533Zx895SeOCHvA==

astral-regex@^1.0.0:
  version "1.0.0"
  resolved "https://registry.yarnpkg.com/astral-regex/-/astral-regex-1.0.0.tgz#6c8c3fb827dd43ee3918f27b82782ab7658a6fd9"
  integrity sha512-+Ryf6g3BKoRc7jfp7ad8tM4TtMiaWvbF/1/sQcZPkkS7ag3D5nMBCe2UfOTONtAkaG0tO0ij3C5Lwmf1EiyjHg==

at-least-node@^1.0.0:
  version "1.0.0"
  resolved "https://registry.yarnpkg.com/at-least-node/-/at-least-node-1.0.0.tgz#602cd4b46e844ad4effc92a8011a3c46e0238dc2"
  integrity sha512-+q/t7Ekv1EDY2l6Gda6LLiX14rU9TV20Wa3ofeQmwPFZbOMo9DXrLbOjFaaclkXKWidIaopwAObQDqwWtGUjqg==

aws-cdk@1.174.0:
  version "1.174.0"
  resolved "https://registry.yarnpkg.com/aws-cdk/-/aws-cdk-1.174.0.tgz#86986b5097a233ded453159b533b6c19c3537689"
  integrity sha512-cAnJ1vx8p0sFoHR5IP4YKd4l3lN7s9Y7+umwb4eNgWr+XSgUbuYiJgS/FD57hIbHN1uoBih3QAE0RA62LVJSFw==
  optionalDependencies:
    fsevents "2.3.2"

aws-sdk@^2.701.0:
  version "2.701.0"
  resolved "https://registry.yarnpkg.com/aws-sdk/-/aws-sdk-2.701.0.tgz#9827b7eb2bf87722c348d5195c17620b5fe1bead"
  integrity sha512-95fWGr6gvyRH408VP5LQAycB8Wqw665ll7q6/soscGFD+2HuQ+gB5qpSlXJwOgSggKQCaExWoQnDABBoTSXM2w==
  dependencies:
    buffer "4.9.2"
    events "1.1.1"
    ieee754 "1.1.13"
    jmespath "0.15.0"
    querystring "0.2.0"
    sax "1.2.1"
    url "0.10.3"
    uuid "3.3.2"
    xml2js "0.4.19"

balanced-match@^1.0.0:
  version "1.0.0"
  resolved "https://registry.yarnpkg.com/balanced-match/-/balanced-match-1.0.0.tgz#89b4d199ab2bee49de164ea02b89ce462d71b767"
  integrity sha1-ibTRmasr7kneFk6gK4nORi1xt2c=

base64-js@^1.0.2:
  version "1.3.1"
  resolved "https://registry.yarnpkg.com/base64-js/-/base64-js-1.3.1.tgz#58ece8cb75dd07e71ed08c736abc5fac4dbf8df1"
  integrity sha512-mLQ4i2QO1ytvGWFWmcngKO//JXAQueZvwEKtjgQFM4jIK0kU+ytMfplL8j+n5mspOfjHwoAg+9yhb7BwAHm36g==

brace-expansion@^1.1.7:
  version "1.1.11"
  resolved "https://registry.yarnpkg.com/brace-expansion/-/brace-expansion-1.1.11.tgz#3c7fcbf529d87226f3d2f52b966ff5271eb441dd"
  integrity sha512-iCuPHDFgrHX7H2vEI/5xpz07zSHB00TpugqhmYtVmMO6518mCuRMoOYFldEBl0g187ufozdaHgWKcYFb61qGiA==
  dependencies:
    balanced-match "^1.0.0"
    concat-map "0.0.1"

buffer-from@^1.0.0:
  version "1.1.1"
  resolved "https://registry.yarnpkg.com/buffer-from/-/buffer-from-1.1.1.tgz#32713bc028f75c02fdb710d7c7bcec1f2c6070ef"
  integrity sha512-MQcXEUbCKtEo7bhqEs6560Hyd4XaovZlO/k9V3hjVUF/zwW7KBVdSK4gIt/bzwS9MbR5qob+F5jusZsb0YQK2A==

buffer@4.9.2:
  version "4.9.2"
  resolved "https://registry.yarnpkg.com/buffer/-/buffer-4.9.2.tgz#230ead344002988644841ab0244af8c44bbe3ef8"
  integrity sha512-xq+q3SRMOxGivLhBNaUdC64hDTQwejJ+H0T/NB1XMtTVEwNTrfFF3gAxiyW0Bu/xWEGhjVKgUcMhCrUy2+uCWg==
  dependencies:
    base64-js "^1.0.2"
    ieee754 "^1.1.4"
    isarray "^1.0.0"

cdk-spa-deploy@^1.46.0:
  version "1.104.1"
  resolved "https://registry.yarnpkg.com/cdk-spa-deploy/-/cdk-spa-deploy-1.104.1.tgz#aa61298f64ba6d981379ba32edd964c4474b9aae"
  integrity sha512-JuIbt3/sdxWrWXzyEoNz9xEtAqXnDNBVrlE+8E3/sS2/YT02qDzEfjQX7SXqBD3qdV+hbLfxGJcsmJsLYIVUwg==

chalk@^4.0.0:
  version "4.1.2"
  resolved "https://registry.yarnpkg.com/chalk/-/chalk-4.1.2.tgz#aac4e2b7734a740867aeb16bf02aad556a1e7a01"
  integrity sha512-oKnbhFyRIXpUuez8iBMmyEa4nbj4IOQyuhc/wy9kY7/WVPcwIO9VA668Pu8RkO7+0G76SLROeyw9CpQ061i4mA==
  dependencies:
    ansi-styles "^4.1.0"
    supports-color "^7.1.0"

charenc@~0.0.1:
  version "0.0.2"
  resolved "https://registry.yarnpkg.com/charenc/-/charenc-0.0.2.tgz#c0a1d2f3a7092e03774bfa83f14c0fc5790a8667"
  integrity sha1-wKHS86cJLgN3S/qD8UwPxXkKhmc=

color-convert@^1.9.0:
  version "1.9.3"
  resolved "https://registry.yarnpkg.com/color-convert/-/color-convert-1.9.3.tgz#bb71850690e1f136567de629d2d5471deda4c1e8"
  integrity sha512-QfAUtd+vFdAtFQcC8CCyYt1fYWxSqAiK2cSD6zDB8N3cpsEBAvRxp9zOGg6G/SHHJYAT88/az/IuDGALsNVbGg==
  dependencies:
    color-name "1.1.3"

color-convert@^2.0.1:
  version "2.0.1"
  resolved "https://registry.yarnpkg.com/color-convert/-/color-convert-2.0.1.tgz#72d3a68d598c9bdb3af2ad1e84f21d896abd4de3"
  integrity sha512-RRECPsj7iu/xb5oKYcsFHSppFNnsj/52OVTRKb4zP5onXwVF3zVmmToNcOfGC+CRDpfK/U584fMg38ZHCaElKQ==
  dependencies:
    color-name "~1.1.4"

color-name@1.1.3:
  version "1.1.3"
  resolved "https://registry.yarnpkg.com/color-name/-/color-name-1.1.3.tgz#a7d0558bd89c42f795dd42328f740831ca53bc25"
  integrity sha1-p9BVi9icQveV3UIyj3QIMcpTvCU=

color-name@~1.1.4:
  version "1.1.4"
  resolved "https://registry.yarnpkg.com/color-name/-/color-name-1.1.4.tgz#c2a09a87acbde69543de6f63fa3995c826c536a2"
  integrity sha512-dOy+3AuW3a2wNbZHIuMZpTcgjGuLU/uBL/ubcZF9OXbDo8ff4O8yVp5Bf0efS8uEoYo5q4Fx7dY9OgQGXgAsQA==

colors@^1.4.0:
  version "1.4.0"
  resolved "https://registry.yarnpkg.com/colors/-/colors-1.4.0.tgz#c50491479d4c1bdaed2c9ced32cf7c7dc2360f78"
  integrity sha512-a+UqTh4kgZg/SlGvfbzDHpgRu7AAQOmmqRHJnxhRZICKFUT91brVhNNt58CMWU9PsBbv3PDCZUHbVxuDiH2mtA==

concat-map@0.0.1:
  version "0.0.1"
  resolved "https://registry.yarnpkg.com/concat-map/-/concat-map-0.0.1.tgz#d8a96bd77fd68df7793a73036a3ba0d5405d477b"
  integrity sha1-2Klr13/Wjfd5OnMDajug1UBdR3s=

constructs@^3.0.2:
  version "3.0.3"
  resolved "https://registry.yarnpkg.com/constructs/-/constructs-3.0.3.tgz#76687d6e3783b0b6864d72aaae5b0bacd824d52e"
  integrity sha512-JrYLpTlz92Un1jxkwoGiOiGoDjzIWtxo64sLC5FD4mQN1H9mAqZNvgxWYWaJIiWUXNkl5L5sO3GFf6peTj7UMQ==

crypt@~0.0.1:
  version "0.0.2"
  resolved "https://registry.yarnpkg.com/crypt/-/crypt-0.0.2.tgz#88d7ff7ec0dfb86f713dc87bbb42d044d3e6c41b"
  integrity sha1-iNf/fsDfuG9xPch7u0LQRNPmxBs=

diff-sequences@^26.6.2:
  version "26.6.2"
  resolved "https://registry.yarnpkg.com/diff-sequences/-/diff-sequences-26.6.2.tgz#48ba99157de1923412eed41db6b6d4aa9ca7c0b1"
  integrity sha512-Mv/TDa3nZ9sbc5soK+OoA74BsS3mL37yixCvUAQkiuA4Wz6YtwP/K47n2rv2ovzHZvoiQeA5FTQOschKkEwB0Q==

diff@^4.0.1, diff@^4.0.2:
  version "4.0.2"
  resolved "https://registry.yarnpkg.com/diff/-/diff-4.0.2.tgz#60f3aecb89d5fae520c11aa19efc2bb982aade7d"
  integrity sha512-58lmxKSA4BNyLz+HHMUzlOEpg09FV+ev6ZMe3vJihgdxzgcwZ8VoEEPmALCZG9LmqfVoNMMKpttIYTVG6uDY7A==

emoji-regex@^7.0.1:
  version "7.0.3"
  resolved "https://registry.yarnpkg.com/emoji-regex/-/emoji-regex-7.0.3.tgz#933a04052860c85e83c122479c4748a8e4c72156"
  integrity sha512-CwBLREIQ7LvYFB0WyRvwhq5N5qPhc6PMjD6bYggFlI5YyDgl+0vxq5VHbMOFqLg7hfWzmu8T5Z1QofhmTIhItA==

emoji-regex@^8.0.0:
  version "8.0.0"
  resolved "https://registry.yarnpkg.com/emoji-regex/-/emoji-regex-8.0.0.tgz#e818fd69ce5ccfcb404594f842963bf53164cc37"
  integrity sha512-MSjYzcWNOA0ewAHpz0MxpYFvwg6yjy1NG3xteoqz644VCo/RPgnr1/GGt+ic3iJTzQ8Eu3TdM14SawnVUmGE6A==

events@1.1.1:
  version "1.1.1"
  resolved "https://registry.yarnpkg.com/events/-/events-1.1.1.tgz#9ebdb7635ad099c70dcc4c2a1f5004288e8bd924"
  integrity sha1-nr23Y1rQmccNzEwqH1AEKI6L2SQ=

fast-deep-equal@^3.1.1, fast-deep-equal@^3.1.3:
  version "3.1.3"
  resolved "https://registry.yarnpkg.com/fast-deep-equal/-/fast-deep-equal-3.1.3.tgz#3a7d56b559d6cbc3eb512325244e619a65c6c525"
  integrity sha512-f3qQ9oQy9j2AhBe/H9VC91wLmKBCCU/gDOnKNAYG5hswO7BLKj09Hc5HYNz9cGI++xlpDCIgDaitVs03ATR84Q==

fast-json-stable-stringify@^2.0.0:
  version "2.1.0"
  resolved "https://registry.yarnpkg.com/fast-json-stable-stringify/-/fast-json-stable-stringify-2.1.0.tgz#874bf69c6f404c2b5d99c481341399fd55892633"
  integrity sha512-lhd/wF+Lk98HZoTCtlVraHtfh5XYijIjalXck7saUtuanSDyLMxnHhSXEDJqHxD7msR8D0uCmqlkwjCV8xvwHw==

fs-extra@^9.0.1:
  version "9.0.1"
  resolved "https://registry.yarnpkg.com/fs-extra/-/fs-extra-9.0.1.tgz#910da0062437ba4c39fedd863f1675ccfefcb9fc"
  integrity sha512-h2iAoN838FqAFJY2/qVpzFXy+EBxfVE220PalAqQLDVsFOHLJrZvut5puAbCdNv6WJk+B8ihI+k0c7JK5erwqQ==
  dependencies:
    at-least-node "^1.0.0"
    graceful-fs "^4.2.0"
    jsonfile "^6.0.1"
    universalify "^1.0.0"

fsevents@2.3.2:
  version "2.3.2"
  resolved "https://registry.yarnpkg.com/fsevents/-/fsevents-2.3.2.tgz#8a526f78b8fdf4623b709e0b975c52c24c02fd1a"
  integrity sha512-xiqMQR4xAeHTuB9uWm+fFRcIOgKBMiOBP+eXiyT7jsgVCq1bkVygt00oASowB7EdtpOHaaPgKt812P9ab+DDKA==

graceful-fs@^4.1.6, graceful-fs@^4.2.0:
  version "4.2.4"
  resolved "https://registry.yarnpkg.com/graceful-fs/-/graceful-fs-4.2.4.tgz#2256bde14d3632958c465ebc96dc467ca07a29fb"
  integrity sha512-WjKPNJF79dtJAVniUlGGWHYGz2jWxT6VhN/4m1NdkbZ2nOsEF+cI1Edgql5zCRhs/VsQYRvrXctxktVXZUkixw==

has-flag@^4.0.0:
  version "4.0.0"
  resolved "https://registry.yarnpkg.com/has-flag/-/has-flag-4.0.0.tgz#944771fd9c81c81265c4d6941860da06bb59479b"
  integrity sha512-EykJT/Q1KjTWctppgIAgfSO0tKVuZUjhgMr17kqTumMl6Afv3EISleU7qZUzoXDFTAHTDC4NOoG/ZxU3EvlMPQ==

ieee754@1.1.13, ieee754@^1.1.4:
  version "1.1.13"
  resolved "https://registry.yarnpkg.com/ieee754/-/ieee754-1.1.13.tgz#ec168558e95aa181fd87d37f55c32bbcb6708b84"
  integrity sha512-4vf7I2LYV/HaWerSo3XmlMkp5eZ83i+/CDluXi/IGTs/O1sejBNhTtnxzmRZfvOUqj7lZjqHkeTvpgSFDlWZTg==

is-buffer@~1.1.1:
  version "1.1.6"
  resolved "https://registry.yarnpkg.com/is-buffer/-/is-buffer-1.1.6.tgz#efaa2ea9daa0d7ab2ea13a97b2b8ad51fefbe8be"
  integrity sha512-NcdALwpXkTm5Zvvbk7owOUSvVvBKDgKP5/ewfXEznmQFfs4ZRmanOeKBTjRVjka3QFoN6XJ+9F3USqfHqTaU5w==

is-fullwidth-code-point@^2.0.0:
  version "2.0.0"
  resolved "https://registry.yarnpkg.com/is-fullwidth-code-point/-/is-fullwidth-code-point-2.0.0.tgz#a3b30a5c4f199183167aaab93beefae3ddfb654f"
  integrity sha1-o7MKXE8ZkYMWeqq5O+764937ZU8=

is-fullwidth-code-point@^3.0.0:
  version "3.0.0"
  resolved "https://registry.yarnpkg.com/is-fullwidth-code-point/-/is-fullwidth-code-point-3.0.0.tgz#f116f8064fe90b3f7844a38997c0b75051269f1d"
  integrity sha512-zymm5+u+sCsSWyD9qNaejV3DFvhCKclKdizYaJUuHA83RLjb7nSuGnddCHGv0hk+KY7BMAlsWeK4Ueg6EV6XQg==

isarray@^1.0.0:
  version "1.0.0"
  resolved "https://registry.yarnpkg.com/isarray/-/isarray-1.0.0.tgz#bb935d48582cba168c06834957a54a3e07124f11"
  integrity sha1-u5NdSFgsuhaMBoNJV6VKPgcSTxE=

jest-diff@^26.0.0:
  version "26.6.2"
  resolved "https://registry.yarnpkg.com/jest-diff/-/jest-diff-26.6.2.tgz#1aa7468b52c3a68d7d5c5fdcdfcd5e49bd164394"
  integrity sha512-6m+9Z3Gv9wN0WFVasqjCL/06+EFCMTqDEUl/b87HYK2rAPTyfz4ZIuSlPhY51PIQRWx5TaxeF1qmXKe9gfN3sA==
  dependencies:
    chalk "^4.0.0"
    diff-sequences "^26.6.2"
    jest-get-type "^26.3.0"
    pretty-format "^26.6.2"

jest-get-type@^26.3.0:
  version "26.3.0"
  resolved "https://registry.yarnpkg.com/jest-get-type/-/jest-get-type-26.3.0.tgz#e97dc3c3f53c2b406ca7afaed4493b1d099199e0"
  integrity sha512-TpfaviN1R2pQWkIihlfEanwOXK0zcxrKEE4MlU6Tn7keoXdN6/3gK/xl0yEh8DOunn5pOVGKf8hB4R9gVh04ig==

jmespath@0.15.0:
  version "0.15.0"
  resolved "https://registry.yarnpkg.com/jmespath/-/jmespath-0.15.0.tgz#a3f222a9aae9f966f5d27c796510e28091764217"
  integrity sha1-o/Iiqarp+Wb10nx5ZRDigJF2Qhc=

json-schema-traverse@^0.4.1:
  version "0.4.1"
  resolved "https://registry.yarnpkg.com/json-schema-traverse/-/json-schema-traverse-0.4.1.tgz#69f6a87d9513ab8bb8fe63bdb0979c448e684660"
  integrity sha512-xbbCH5dCYU5T8LcEhhuh7HJ88HXuW3qsI3Y0zOZFKfZEHcpWiHU/Jxzk629Brsab/mMiHQti9wMP+845RPe3Vg==

jsonfile@^6.0.1:
  version "6.0.1"
  resolved "https://registry.yarnpkg.com/jsonfile/-/jsonfile-6.0.1.tgz#98966cba214378c8c84b82e085907b40bf614179"
  integrity sha512-jR2b5v7d2vIOust+w3wtFKZIfpC2pnRmFAhAC/BuweZFQR8qZzxH1OyrQ10HmdVYiXWkYUqPVsz91cG7EL2FBg==
  dependencies:
    universalify "^1.0.0"
  optionalDependencies:
    graceful-fs "^4.1.6"

jsonschema@^1.2.5:
  version "1.2.6"
  resolved "https://registry.yarnpkg.com/jsonschema/-/jsonschema-1.2.6.tgz#52b0a8e9dc06bbae7295249d03e4b9faee8a0c0b"
  integrity sha512-SqhURKZG07JyKKeo/ir24QnS4/BV7a6gQy93bUSe4lUdNp0QNpIz2c9elWJQ9dpc5cQYY6cvCzgRwy0MQCLyqA==

lodash@^4.17.14:
  version "4.17.15"
  resolved "https://registry.yarnpkg.com/lodash/-/lodash-4.17.15.tgz#b447f6670a0455bbfeedd11392eff330ea097548"
  integrity sha512-8xOcRHvCjnocdS5cpwXQXVzmmh5e5+saE2QGoeQmbKmRS6J3VQppPOIt0MnmE+4xlZoumy0GPG0D0MVIQbNA1A==

make-error@^1.1.1:
  version "1.3.6"
  resolved "https://registry.yarnpkg.com/make-error/-/make-error-1.3.6.tgz#2eb2e37ea9b67c4891f684a1394799af484cf7a2"
  integrity sha512-s8UhlNe7vPKomQhC1qFelMokr/Sc3AgNbso3n74mVPA5LTZwkB9NlXf4XPamLxJE8h0gh73rM94xvwRT2CVInw==

md5@^2.2.1:
  version "2.2.1"
  resolved "https://registry.yarnpkg.com/md5/-/md5-2.2.1.tgz#53ab38d5fe3c8891ba465329ea23fac0540126f9"
  integrity sha1-U6s41f48iJG6RlMp6iP6wFQBJvk=
  dependencies:
    charenc "~0.0.1"
    crypt "~0.0.1"
    is-buffer "~1.1.1"

minimatch@^3.0.4:
  version "3.0.4"
  resolved "https://registry.yarnpkg.com/minimatch/-/minimatch-3.0.4.tgz#5166e286457f03306064be5497e8dbb0c3d32083"
  integrity sha512-yJHVQEhyqPLUTgt9B83PXu6W3rx4MvvHvSUvToogpwoGDOUQ+yDrR0HRot+yOCdCO7u4hX3pWft6kWBBcqh0UA==
  dependencies:
    brace-expansion "^1.1.7"

pretty-format@^26.0.0, pretty-format@^26.6.2:
  version "26.6.2"
  resolved "https://registry.yarnpkg.com/pretty-format/-/pretty-format-26.6.2.tgz#e35c2705f14cb7fe2fe94fa078345b444120fc93"
  integrity sha512-7AeGuCYNGmycyQbCqd/3PWH4eOoX/OiCa0uphp57NVTeAGdJGaAliecxwBDHYQCIvrW7aDBZCYeNTP/WX69mkg==
  dependencies:
    "@jest/types" "^26.6.2"
    ansi-regex "^5.0.0"
    ansi-styles "^4.0.0"
    react-is "^17.0.1"

punycode@1.3.2:
  version "1.3.2"
  resolved "https://registry.yarnpkg.com/punycode/-/punycode-1.3.2.tgz#9653a036fb7c1ee42342f2325cceefea3926c48d"
  integrity sha1-llOgNvt8HuQjQvIyXM7v6jkmxI0=

punycode@^2.1.0:
  version "2.1.1"
  resolved "https://registry.yarnpkg.com/punycode/-/punycode-2.1.1.tgz#b58b010ac40c22c5657616c8d2c2c02c7bf479ec"
  integrity sha512-XRsRjdf+j5ml+y/6GKHPZbrF/8p2Yga0JPtdqTIY2Xe5ohJPD9saDJJLPvp9+NSBprVvevdXZybnj2cv8OEd0A==

querystring@0.2.0:
  version "0.2.0"
  resolved "https://registry.yarnpkg.com/querystring/-/querystring-0.2.0.tgz#b209849203bb25df820da756e747005878521620"
  integrity sha1-sgmEkgO7Jd+CDadW50cAWHhSFiA=

react-is@^17.0.1:
  version "17.0.2"
  resolved "https://registry.yarnpkg.com/react-is/-/react-is-17.0.2.tgz#e691d4a8e9c789365655539ab372762b0efb54f0"
  integrity sha512-w2GsyukL62IJnlaff/nRegPQR94C/XXamvMWmSHRJ4y7Ts/4ocGRmTHvOs8PSE6pB3dWOrD/nueuU5sduBsQ4w==

sax@1.2.1:
  version "1.2.1"
  resolved "https://registry.yarnpkg.com/sax/-/sax-1.2.1.tgz#7b8e656190b228e81a66aea748480d828cd2d37a"
  integrity sha1-e45lYZCyKOgaZq6nSEgNgozS03o=

sax@>=0.6.0:
  version "1.2.4"
  resolved "https://registry.yarnpkg.com/sax/-/sax-1.2.4.tgz#2816234e2378bddc4e5354fab5caa895df7100d9"
  integrity sha512-NqVDv9TpANUjFm0N8uM5GxL36UgKi9/atZw+x7YFnQ8ckwFGKrl4xX4yWtrey3UJm5nP1kUbnYgLopqWNSRhWw==

semver@^7.2.2:
  version "7.3.2"
  resolved "https://registry.yarnpkg.com/semver/-/semver-7.3.2.tgz#604962b052b81ed0786aae84389ffba70ffd3938"
  integrity sha512-OrOb32TeeambH6UrhtShmF7CRDqhL6/5XpPNp2DuRH6+9QLw/orhp72j87v8Qa1ScDkvrrBNpZcDejAirJmfXQ==

slice-ansi@^2.1.0:
  version "2.1.0"
  resolved "https://registry.yarnpkg.com/slice-ansi/-/slice-ansi-2.1.0.tgz#cacd7693461a637a5788d92a7dd4fba068e81636"
  integrity sha512-Qu+VC3EwYLldKa1fCxuuvULvSJOKEgk9pi8dZeCVK7TqBfUNTH4sFkk4joj8afVSfAYgJoSOetjx9QWOJ5mYoQ==
  dependencies:
    ansi-styles "^3.2.0"
    astral-regex "^1.0.0"
    is-fullwidth-code-point "^2.0.0"

source-map-support@^0.5.17:
  version "0.5.19"
  resolved "https://registry.yarnpkg.com/source-map-support/-/source-map-support-0.5.19.tgz#a98b62f86dcaf4f67399648c085291ab9e8fed61"
  integrity sha512-Wonm7zOCIJzBGQdB+thsPar0kYuCIzYvxZwlBa87yi/Mdjv7Tip2cyVbLj5o0cFPN4EVkuTwb3GDDyUx2DGnGw==
  dependencies:
    buffer-from "^1.0.0"
    source-map "^0.6.0"

source-map@^0.6.0:
  version "0.6.1"
  resolved "https://registry.yarnpkg.com/source-map/-/source-map-0.6.1.tgz#74722af32e9614e9c287a8d0bbde48b5e2f1a263"
  integrity sha512-UjgapumWlbMhkBgzT7Ykc5YXUT46F0iKu8SGXq0bcwP5dz/h0Plj6enJqjz1Zbq2l5WaqYnrVbwWOWMyF3F47g==

string-width@^3.0.0:
  version "3.1.0"
  resolved "https://registry.yarnpkg.com/string-width/-/string-width-3.1.0.tgz#22767be21b62af1081574306f69ac51b62203961"
  integrity sha512-vafcv6KjVZKSgz06oM/H6GDBrAtz8vdhQakGjFIvNrHA6y3HCF1CInLy+QLq8dTJPQ1b+KDUqDFctkdRW44e1w==
  dependencies:
    emoji-regex "^7.0.1"
    is-fullwidth-code-point "^2.0.0"
    strip-ansi "^5.1.0"

string-width@^4.2.0:
  version "4.2.0"
  resolved "https://registry.yarnpkg.com/string-width/-/string-width-4.2.0.tgz#952182c46cc7b2c313d1596e623992bd163b72b5"
  integrity sha512-zUz5JD+tgqtuDjMhwIg5uFVV3dtqZ9yQJlZVfq4I01/K5Paj5UHj7VyrQOJvzawSVlKpObApbfD0Ed6yJc+1eg==
  dependencies:
    emoji-regex "^8.0.0"
    is-fullwidth-code-point "^3.0.0"
    strip-ansi "^6.0.0"

strip-ansi@^5.1.0:
  version "5.2.0"
  resolved "https://registry.yarnpkg.com/strip-ansi/-/strip-ansi-5.2.0.tgz#8c9a536feb6afc962bdfa5b104a5091c1ad9c0ae"
  integrity sha512-DuRs1gKbBqsMKIZlrffwlug8MHkcnpjs5VPmL1PAh+mA30U0DTotfDZ0d2UUsXpPmPmMMJ6W773MaA3J+lbiWA==
  dependencies:
    ansi-regex "^4.1.0"

strip-ansi@^6.0.0:
  version "6.0.0"
  resolved "https://registry.yarnpkg.com/strip-ansi/-/strip-ansi-6.0.0.tgz#0b1571dd7669ccd4f3e06e14ef1eed26225ae532"
  integrity sha512-AuvKTrTfQNYNIctbR1K/YGTR1756GycPsg7b9bdV9Duqur4gv6aKqHXah67Z8ImS7WEz5QVcOtlfW2rZEugt6w==
  dependencies:
    ansi-regex "^5.0.0"

supports-color@^7.1.0:
  version "7.2.0"
  resolved "https://registry.yarnpkg.com/supports-color/-/supports-color-7.2.0.tgz#1b7dcdcb32b8138801b3e478ba6a51caa89648da"
  integrity sha512-qpCAvRl9stuOHveKsn7HncJRvv501qIacKzQlO/+Lwxc9+0q2wLyv4Dfvt80/DPn2pqOBsJdDiogXGR9+OvwRw==
  dependencies:
    has-flag "^4.0.0"

table@^5.4.6:
  version "5.4.6"
  resolved "https://registry.yarnpkg.com/table/-/table-5.4.6.tgz#1292d19500ce3f86053b05f0e8e7e4a3bb21079e"
  integrity sha512-wmEc8m4fjnob4gt5riFRtTu/6+4rSe12TpAELNSqHMfF3IqnA+CH37USM6/YR3qRZv7e56kAEAtd6nKZaxe0Ug==
  dependencies:
    ajv "^6.10.2"
    lodash "^4.17.14"
    slice-ansi "^2.1.0"
    string-width "^3.0.0"

ts-node@^8.1.0:
  version "8.10.2"
  resolved "https://registry.yarnpkg.com/ts-node/-/ts-node-8.10.2.tgz#eee03764633b1234ddd37f8db9ec10b75ec7fb8d"
  integrity sha512-ISJJGgkIpDdBhWVu3jufsWpK3Rzo7bdiIXJjQc0ynKxVOVcg2oIrf2H2cejminGrptVc6q6/uynAHNCuWGbpVA==
  dependencies:
    arg "^4.1.0"
    diff "^4.0.1"
    make-error "^1.1.1"
    source-map-support "^0.5.17"
    yn "3.1.1"

typescript@~3.7.2:
  version "3.7.5"
  resolved "https://registry.yarnpkg.com/typescript/-/typescript-3.7.5.tgz#0692e21f65fd4108b9330238aac11dd2e177a1ae"
  integrity sha512-/P5lkRXkWHNAbcJIiHPfRoKqyd7bsyCma1hZNUGfn20qm64T6ZBlrzprymeu918H+mB/0rIg2gGK/BXkhhYgBw==

universalify@^1.0.0:
  version "1.0.0"
  resolved "https://registry.yarnpkg.com/universalify/-/universalify-1.0.0.tgz#b61a1da173e8435b2fe3c67d29b9adf8594bd16d"
  integrity sha512-rb6X1W158d7pRQBg5gkR8uPaSfiids68LTJQYOtEUhoJUWBdaQHsuT/EUduxXYxcrt4r5PJ4fuHW1MHT6p0qug==

uri-js@^4.2.2:
  version "4.2.2"
  resolved "https://registry.yarnpkg.com/uri-js/-/uri-js-4.2.2.tgz#94c540e1ff772956e2299507c010aea6c8838eb0"
  integrity sha512-KY9Frmirql91X2Qgjry0Wd4Y+YTdrdZheS8TFwvkbLWf/G5KNJDCh6pKL5OZctEW4+0Baa5idK2ZQuELRwPznQ==
  dependencies:
    punycode "^2.1.0"

url@0.10.3:
  version "0.10.3"
  resolved "https://registry.yarnpkg.com/url/-/url-0.10.3.tgz#021e4d9c7705f21bbf37d03ceb58767402774c64"
  integrity sha1-Ah5NnHcF8hu/N9A861h2dAJ3TGQ=
  dependencies:
    punycode "1.3.2"
    querystring "0.2.0"

uuid@3.3.2:
  version "3.3.2"
  resolved "https://registry.yarnpkg.com/uuid/-/uuid-3.3.2.tgz#1b4af4955eb3077c501c23872fc6513811587131"
  integrity sha512-yXJmeNaw3DnnKAOKJE51sL/ZaYfWJRl1pK9dr19YFCu0ObS231AB1/LbqTKRAQ5kw8A90rA6fr4riOUpTZvQZA==

xml2js@0.4.19:
  version "0.4.19"
  resolved "https://registry.yarnpkg.com/xml2js/-/xml2js-0.4.19.tgz#686c20f213209e94abf0d1bcf1efaa291c7827a7"
  integrity sha512-esZnJZJOiJR9wWKMyuvSE1y6Dq5LCuJanqhxslH2bxM6duahNZ+HMpCLhBQGZkbX6xRf8x1Y2eJlgt2q3qo49Q==
  dependencies:
    sax ">=0.6.0"
    xmlbuilder "~9.0.1"

xmlbuilder@~9.0.1:
  version "9.0.7"
  resolved "https://registry.yarnpkg.com/xmlbuilder/-/xmlbuilder-9.0.7.tgz#132ee63d2ec5565c557e20f4c22df9aca686b10d"
  integrity sha1-Ey7mPS7FVlxVfiD0wi35rKaGsQ0=

yn@3.1.1:
  version "3.1.1"
  resolved "https://registry.yarnpkg.com/yn/-/yn-3.1.1.tgz#1e87401a09d767c1d5eab26a6e4c185182d2eb50"
  integrity sha512-Ux4ygGWsu2c7isFWe8Yu1YluJmqVhxqK2cLXNQA5AcC3QfbGNpM7fu0Y8b/z16pXLnFxZYvWhd3fhBY9DLmC6Q==
